
Microsoft Visual Studio Solution File, Format Version 12.00
# Visual Studio 15
Project("{FAE04EC0-301F-11D3-BF4B-00C04F79EFBC}") = "Assembly-CSharp-firstpass", "Assembly-CSharp-firstpass.csproj", "{0F21C7A5-A235-57CD-D7E6-024E622CBB85}"
EndProject
Project("{FAE04EC0-301F-11D3-BF4B-00C04F79EFBC}") = "Assembly-CSharp", "Assembly-CSharp.csproj", "{EDB9BA4F-1E85-A8A5-282C-EFDF47059A38}"
EndProject
Global
	GlobalSection(SolutionConfigurationPlatforms) = preSolution
		Debug|Any CPU = Debug|Any CPU
		Release|Any CPU = Release|Any CPU
	EndGlobalSection
	GlobalSection(ProjectConfigurationPlatforms) = postSolution
		{0F21C7A5-A235-57CD-D7E6-024E622CBB85}.Debug|Any CPU.ActiveCfg = Debug|Any CPU
		{0F21C7A5-A235-57CD-D7E6-024E622CBB85}.Debug|Any CPU.Build.0 = Debug|Any CPU
		{0F21C7A5-A235-57CD-D7E6-024E622CBB85}.Release|Any CPU.ActiveCfg = Release|Any CPU
		{0F21C7A5-A235-57CD-D7E6-024E622CBB85}.Release|Any CPU.Build.0 = Release|Any CPU
		{EDB9BA4F-1E85-A8A5-282C-EFDF47059A38}.Debug|Any CPU.ActiveCfg = Debug|Any CPU
		{EDB9BA4F-1E85-A8A5-282C-EFDF47059A38}.Debug|Any CPU.Build.0 = Debug|Any CPU
		{EDB9BA4F-1E85-A8A5-282C-EFDF47059A38}.Release|Any CPU.ActiveCfg = Release|Any CPU
		{EDB9BA4F-1E85-A8A5-282C-EFDF47059A38}.Release|Any CPU.Build.0 = Release|Any CPU
	EndGlobalSection
	GlobalSection(SolutionProperties) = preSolution
		HideSolutionNode = FALSE
	EndGlobalSection
EndGlobal
